// !$*UTF8*$!
{
	archiveVersion = 1;
	classes = {
	};
	objectVersion = 50;
	objects = {

/* Begin PBXBuildFile section */
		BE40061122243111003AB233 /* AppDelegate.swift in Sources */ = {isa = PBXBuildFile; fileRef = BE40061022243111003AB233 /* AppDelegate.swift */; };
		BE40061322243111003AB233 /* HomeController.swift in Sources */ = {isa = PBXBuildFile; fileRef = BE40061222243111003AB233 /* HomeController.swift */; };
		BE40061622243111003AB233 /* Main.storyboard in Resources */ = {isa = PBXBuildFile; fileRef = BE40061422243111003AB233 /* Main.storyboard */; };
		BE40061822243114003AB233 /* Assets.xcassets in Resources */ = {isa = PBXBuildFile; fileRef = BE40061722243114003AB233 /* Assets.xcassets */; };
		BE40061B22243114003AB233 /* LaunchScreen.storyboard in Resources */ = {isa = PBXBuildFile; fileRef = BE40061922243114003AB233 /* LaunchScreen.storyboard */; };
		BE40062622243114003AB233 /* SOARGuideTests.swift in Sources */ = {isa = PBXBuildFile; fileRef = BE40062522243114003AB233 /* SOARGuideTests.swift */; };
		BE40063122243114003AB233 /* SOARGuideUITests.swift in Sources */ = {isa = PBXBuildFile; fileRef = BE40063022243114003AB233 /* SOARGuideUITests.swift */; };
		BE40063F222436E8003AB233 /* ContentDataSource.swift in Sources */ = {isa = PBXBuildFile; fileRef = BE40063E222436E8003AB233 /* ContentDataSource.swift */; };
		BE40064122257E2B003AB233 /* ContentCollectionViewCell.swift in Sources */ = {isa = PBXBuildFile; fileRef = BE40064022257E2B003AB233 /* ContentCollectionViewCell.swift */; };
		BE40064722258004003AB233 /* UIViewExtension.swift in Sources */ = {isa = PBXBuildFile; fileRef = BE40064622258004003AB233 /* UIViewExtension.swift */; };
		BE40064922258AB1003AB233 /* MainLabelViewController.swift in Sources */ = {isa = PBXBuildFile; fileRef = BE40064822258AB1003AB233 /* MainLabelViewController.swift */; };
		BE40064B22258C3E003AB233 /* SignsViewController.swift in Sources */ = {isa = PBXBuildFile; fileRef = BE40064A22258C3E003AB233 /* SignsViewController.swift */; };
		BE40064D22258C6A003AB233 /* OptionsViewController.swift in Sources */ = {isa = PBXBuildFile; fileRef = BE40064C22258C6A003AB233 /* OptionsViewController.swift */; };
		BE40064F2229EF60003AB233 /* SpeechBubble.swift in Sources */ = {isa = PBXBuildFile; fileRef = BE40064E2229EF60003AB233 /* SpeechBubble.swift */; };
		BE400651222BA8FD003AB233 /* Paddle.swift in Sources */ = {isa = PBXBuildFile; fileRef = BE400650222BA8FC003AB233 /* Paddle.swift */; };
/* End PBXBuildFile section */

/* Begin PBXContainerItemProxy section */
		BE40062222243114003AB233 /* PBXContainerItemProxy */ = {
			isa = PBXContainerItemProxy;
			containerPortal = BE40060522243111003AB233 /* Project object */;
			proxyType = 1;
			remoteGlobalIDString = BE40060C22243111003AB233;
			remoteInfo = SOARGuide;
		};
		BE40062D22243114003AB233 /* PBXContainerItemProxy */ = {
			isa = PBXContainerItemProxy;
			containerPortal = BE40060522243111003AB233 /* Project object */;
			proxyType = 1;
			remoteGlobalIDString = BE40060C22243111003AB233;
			remoteInfo = SOARGuide;
		};
/* End PBXContainerItemProxy section */

/* Begin PBXFileReference section */
		BE40060D22243111003AB233 /* SOARGuide.app */ = {isa = PBXFileReference; explicitFileType = wrapper.application; includeInIndex = 0; path = SOARGuide.app; sourceTree = BUILT_PRODUCTS_DIR; };
		BE40061022243111003AB233 /* AppDelegate.swift */ = {isa = PBXFileReference; lastKnownFileType = sourcecode.swift; path = AppDelegate.swift; sourceTree = "<group>"; };
		BE40061222243111003AB233 /* HomeController.swift */ = {isa = PBXFileReference; lastKnownFileType = sourcecode.swift; path = HomeController.swift; sourceTree = "<group>"; };
		BE40061522243111003AB233 /* Base */ = {isa = PBXFileReference; lastKnownFileType = file.storyboard; name = Base; path = Base.lproj/Main.storyboard; sourceTree = "<group>"; };
		BE40061722243114003AB233 /* Assets.xcassets */ = {isa = PBXFileReference; lastKnownFileType = folder.assetcatalog; path = Assets.xcassets; sourceTree = "<group>"; };
		BE40061A22243114003AB233 /* Base */ = {isa = PBXFileReference; lastKnownFileType = file.storyboard; name = Base; path = Base.lproj/LaunchScreen.storyboard; sourceTree = "<group>"; };
		BE40061C22243114003AB233 /* Info.plist */ = {isa = PBXFileReference; lastKnownFileType = text.plist.xml; path = Info.plist; sourceTree = "<group>"; };
		BE40062122243114003AB233 /* SOARGuideTests.xctest */ = {isa = PBXFileReference; explicitFileType = wrapper.cfbundle; includeInIndex = 0; path = SOARGuideTests.xctest; sourceTree = BUILT_PRODUCTS_DIR; };
		BE40062522243114003AB233 /* SOARGuideTests.swift */ = {isa = PBXFileReference; lastKnownFileType = sourcecode.swift; path = SOARGuideTests.swift; sourceTree = "<group>"; };
		BE40062722243114003AB233 /* Info.plist */ = {isa = PBXFileReference; lastKnownFileType = text.plist.xml; path = Info.plist; sourceTree = "<group>"; };
		BE40062C22243114003AB233 /* SOARGuideUITests.xctest */ = {isa = PBXFileReference; explicitFileType = wrapper.cfbundle; includeInIndex = 0; path = SOARGuideUITests.xctest; sourceTree = BUILT_PRODUCTS_DIR; };
		BE40063022243114003AB233 /* SOARGuideUITests.swift */ = {isa = PBXFileReference; lastKnownFileType = sourcecode.swift; path = SOARGuideUITests.swift; sourceTree = "<group>"; };
		BE40063222243114003AB233 /* Info.plist */ = {isa = PBXFileReference; lastKnownFileType = text.plist.xml; path = Info.plist; sourceTree = "<group>"; };
		BE40063E222436E8003AB233 /* ContentDataSource.swift */ = {isa = PBXFileReference; lastKnownFileType = sourcecode.swift; path = ContentDataSource.swift; sourceTree = "<group>"; };
		BE40064022257E2B003AB233 /* ContentCollectionViewCell.swift */ = {isa = PBXFileReference; lastKnownFileType = sourcecode.swift; path = ContentCollectionViewCell.swift; sourceTree = "<group>"; };
		BE40064622258004003AB233 /* UIViewExtension.swift */ = {isa = PBXFileReference; lastKnownFileType = sourcecode.swift; path = UIViewExtension.swift; sourceTree = "<group>"; };
		BE40064822258AB1003AB233 /* MainLabelViewController.swift */ = {isa = PBXFileReference; lastKnownFileType = sourcecode.swift; path = MainLabelViewController.swift; sourceTree = "<group>"; };
		BE40064A22258C3E003AB233 /* SignsViewController.swift */ = {isa = PBXFileReference; lastKnownFileType = sourcecode.swift; path = SignsViewController.swift; sourceTree = "<group>"; };
		BE40064C22258C6A003AB233 /* OptionsViewController.swift */ = {isa = PBXFileReference; lastKnownFileType = sourcecode.swift; path = OptionsViewController.swift; sourceTree = "<group>"; };
		BE40064E2229EF60003AB233 /* SpeechBubble.swift */ = {isa = PBXFileReference; lastKnownFileType = sourcecode.swift; path = SpeechBubble.swift; sourceTree = "<group>"; };
		BE400650222BA8FC003AB233 /* Paddle.swift */ = {isa = PBXFileReference; lastKnownFileType = sourcecode.swift; path = Paddle.swift; sourceTree = "<group>"; };
/* End PBXFileReference section */

/* Begin PBXFrameworksBuildPhase section */
		BE40060A22243111003AB233 /* Frameworks */ = {
			isa = PBXFrameworksBuildPhase;
			buildActionMask = 2147483647;
			files = (
			);
			runOnlyForDeploymentPostprocessing = 0;
		};
		BE40061E22243114003AB233 /* Frameworks */ = {
			isa = PBXFrameworksBuildPhase;
			buildActionMask = 2147483647;
			files = (
			);
			runOnlyForDeploymentPostprocessing = 0;
		};
		BE40062922243114003AB233 /* Frameworks */ = {
			isa = PBXFrameworksBuildPhase;
			buildActionMask = 2147483647;
			files = (
			);
			runOnlyForDeploymentPostprocessing = 0;
		};
/* End PBXFrameworksBuildPhase section */

/* Begin PBXGroup section */
		BE40060422243111003AB233 = {
			isa = PBXGroup;
			children = (
				BE40060F22243111003AB233 /* SOARGuide */,
				BE40062422243114003AB233 /* SOARGuideTests */,
				BE40062F22243114003AB233 /* SOARGuideUITests */,
				BE40060E22243111003AB233 /* Products */,
			);
			sourceTree = "<group>";
		};
		BE40060E22243111003AB233 /* Products */ = {
			isa = PBXGroup;
			children = (
				BE40060D22243111003AB233 /* SOARGuide.app */,
				BE40062122243114003AB233 /* SOARGuideTests.xctest */,
				BE40062C22243114003AB233 /* SOARGuideUITests.xctest */,
			);
			name = Products;
			sourceTree = "<group>";
		};
		BE40060F22243111003AB233 /* SOARGuide */ = {
			isa = PBXGroup;
			children = (
				BE40061022243111003AB233 /* AppDelegate.swift */,
				BE40064522257E8D003AB233 /* Helpers */,
				BE40064422257E86003AB233 /* Controller */,
				BE40064322257E78003AB233 /* View */,
				BE40064222257E68003AB233 /* Model */,
				BE40061422243111003AB233 /* Main.storyboard */,
				BE40061722243114003AB233 /* Assets.xcassets */,
				BE40061922243114003AB233 /* LaunchScreen.storyboard */,
				BE40061C22243114003AB233 /* Info.plist */,
			);
			path = SOARGuide;
			sourceTree = "<group>";
		};
		BE40062422243114003AB233 /* SOARGuideTests */ = {
			isa = PBXGroup;
			children = (
				BE40062522243114003AB233 /* SOARGuideTests.swift */,
				BE40062722243114003AB233 /* Info.plist */,
			);
			path = SOARGuideTests;
			sourceTree = "<group>";
		};
		BE40062F22243114003AB233 /* SOARGuideUITests */ = {
			isa = PBXGroup;
			children = (
				BE40063022243114003AB233 /* SOARGuideUITests.swift */,
				BE40063222243114003AB233 /* Info.plist */,
			);
			path = SOARGuideUITests;
			sourceTree = "<group>";
		};
		BE40064222257E68003AB233 /* Model */ = {
			isa = PBXGroup;
			children = (
				BE40063E222436E8003AB233 /* ContentDataSource.swift */,
			);
			path = Model;
			sourceTree = "<group>";
		};
		BE40064322257E78003AB233 /* View */ = {
			isa = PBXGroup;
			children = (
				BE40064E2229EF60003AB233 /* SpeechBubble.swift */,
				BE400650222BA8FC003AB233 /* Paddle.swift */,
				BE40064022257E2B003AB233 /* ContentCollectionViewCell.swift */,
			);
			path = View;
			sourceTree = "<group>";
		};
		BE40064422257E86003AB233 /* Controller */ = {
			isa = PBXGroup;
			children = (
				BE40064822258AB1003AB233 /* MainLabelViewController.swift */,
				BE40064A22258C3E003AB233 /* SignsViewController.swift */,
				BE40064C22258C6A003AB233 /* OptionsViewController.swift */,
				BE40061222243111003AB233 /* HomeController.swift */,
			);
			path = Controller;
			sourceTree = "<group>";
		};
		BE40064522257E8D003AB233 /* Helpers */ = {
			isa = PBXGroup;
			children = (
				BE40064622258004003AB233 /* UIViewExtension.swift */,
			);
			path = Helpers;
			sourceTree = "<group>";
		};
/* End PBXGroup section */

/* Begin PBXNativeTarget section */
		BE40060C22243111003AB233 /* SOARGuide */ = {
			isa = PBXNativeTarget;
			buildConfigurationList = BE40063522243114003AB233 /* Build configuration list for PBXNativeTarget "SOARGuide" */;
			buildPhases = (
				BE40060922243111003AB233 /* Sources */,
				BE40060A22243111003AB233 /* Frameworks */,
				BE40060B22243111003AB233 /* Resources */,
			);
			buildRules = (
			);
			dependencies = (
			);
			name = SOARGuide;
			productName = SOARGuide;
			productReference = BE40060D22243111003AB233 /* SOARGuide.app */;
			productType = "com.apple.product-type.application";
		};
		BE40062022243114003AB233 /* SOARGuideTests */ = {
			isa = PBXNativeTarget;
			buildConfigurationList = BE40063822243114003AB233 /* Build configuration list for PBXNativeTarget "SOARGuideTests" */;
			buildPhases = (
				BE40061D22243114003AB233 /* Sources */,
				BE40061E22243114003AB233 /* Frameworks */,
				BE40061F22243114003AB233 /* Resources */,
			);
			buildRules = (
			);
			dependencies = (
				BE40062322243114003AB233 /* PBXTargetDependency */,
			);
			name = SOARGuideTests;
			productName = SOARGuideTests;
			productReference = BE40062122243114003AB233 /* SOARGuideTests.xctest */;
			productType = "com.apple.product-type.bundle.unit-test";
		};
		BE40062B22243114003AB233 /* SOARGuideUITests */ = {
			isa = PBXNativeTarget;
			buildConfigurationList = BE40063B22243114003AB233 /* Build configuration list for PBXNativeTarget "SOARGuideUITests" */;
			buildPhases = (
				BE40062822243114003AB233 /* Sources */,
				BE40062922243114003AB233 /* Frameworks */,
				BE40062A22243114003AB233 /* Resources */,
			);
			buildRules = (
			);
			dependencies = (
				BE40062E22243114003AB233 /* PBXTargetDependency */,
			);
			name = SOARGuideUITests;
			productName = SOARGuideUITests;
			productReference = BE40062C22243114003AB233 /* SOARGuideUITests.xctest */;
			productType = "com.apple.product-type.bundle.ui-testing";
		};
/* End PBXNativeTarget section */

/* Begin PBXProject section */
		BE40060522243111003AB233 /* Project object */ = {
			isa = PBXProject;
			attributes = {
				LastSwiftUpdateCheck = 1000;
				LastUpgradeCheck = 1000;
				ORGANIZATIONNAME = "Tendaishe Gwini";
				TargetAttributes = {
					BE40060C22243111003AB233 = {
						CreatedOnToolsVersion = 10.0;
					};
					BE40062022243114003AB233 = {
						CreatedOnToolsVersion = 10.0;
						TestTargetID = BE40060C22243111003AB233;
					};
					BE40062B22243114003AB233 = {
						CreatedOnToolsVersion = 10.0;
						TestTargetID = BE40060C22243111003AB233;
					};
				};
			};
			buildConfigurationList = BE40060822243111003AB233 /* Build configuration list for PBXProject "SOARGuide" */;
			compatibilityVersion = "Xcode 9.3";
			developmentRegion = en;
			hasScannedForEncodings = 0;
			knownRegions = (
				en,
				Base,
			);
			mainGroup = BE40060422243111003AB233;
			productRefGroup = BE40060E22243111003AB233 /* Products */;
			projectDirPath = "";
			projectRoot = "";
			targets = (
				BE40060C22243111003AB233 /* SOARGuide */,
				BE40062022243114003AB233 /* SOARGuideTests */,
				BE40062B22243114003AB233 /* SOARGuideUITests */,
			);
		};
/* End PBXProject section */

/* Begin PBXResourcesBuildPhase section */
		BE40060B22243111003AB233 /* Resources */ = {
			isa = PBXResourcesBuildPhase;
			buildActionMask = 2147483647;
			files = (
				BE40061B22243114003AB233 /* LaunchScreen.storyboard in Resources */,
				BE40061822243114003AB233 /* Assets.xcassets in Resources */,
				BE40061622243111003AB233 /* Main.storyboard in Resources */,
			);
			runOnlyForDeploymentPostprocessing = 0;
		};
		BE40061F22243114003AB233 /* Resources */ = {
			isa = PBXResourcesBuildPhase;
			buildActionMask = 2147483647;
			files = (
			);
			runOnlyForDeploymentPostprocessing = 0;
		};
		BE40062A22243114003AB233 /* Resources */ = {
			isa = PBXResourcesBuildPhase;
			buildActionMask = 2147483647;
			files = (
			);
			runOnlyForDeploymentPostprocessing = 0;
		};
/* End PBXResourcesBuildPhase section */

/* Begin PBXSourcesBuildPhase section */
		BE40060922243111003AB233 /* Sources */ = {
			isa = PBXSourcesBuildPhase;
			buildActionMask = 2147483647;
			files = (
				BE40064922258AB1003AB233 /* MainLabelViewController.swift in Sources */,
				BE40064D22258C6A003AB233 /* OptionsViewController.swift in Sources */,
				BE40064B22258C3E003AB233 /* SignsViewController.swift in Sources */,
				BE40064722258004003AB233 /* UIViewExtension.swift in Sources */,
				BE40064122257E2B003AB233 /* ContentCollectionViewCell.swift in Sources */,
				BE40063F222436E8003AB233 /* ContentDataSource.swift in Sources */,
				BE40064F2229EF60003AB233 /* SpeechBubble.swift in Sources */,
				BE400651222BA8FD003AB233 /* Paddle.swift in Sources */,
				BE40061322243111003AB233 /* HomeController.swift in Sources */,
				BE40061122243111003AB233 /* AppDelegate.swift in Sources */,
			);
			runOnlyForDeploymentPostprocessing = 0;
		};
		BE40061D22243114003AB233 /* Sources */ = {
			isa = PBXSourcesBuildPhase;
			buildActionMask = 2147483647;
			files = (
				BE40062622243114003AB233 /* SOARGuideTests.swift in Sources */,
			);
			runOnlyForDeploymentPostprocessing = 0;
		};
		BE40062822243114003AB233 /* Sources */ = {
			isa = PBXSourcesBuildPhase;
			buildActionMask = 2147483647;
			files = (
				BE40063122243114003AB233 /* SOARGuideUITests.swift in Sources */,
			);
			runOnlyForDeploymentPostprocessing = 0;
		};
/* End PBXSourcesBuildPhase section */

/* Begin PBXTargetDependency section */
		BE40062322243114003AB233 /* PBXTargetDependency */ = {
			isa = PBXTargetDependency;
			target = BE40060C22243111003AB233 /* SOARGuide */;
			targetProxy = BE40062222243114003AB233 /* PBXContainerItemProxy */;
		};
		BE40062E22243114003AB233 /* PBXTargetDependency */ = {
			isa = PBXTargetDependency;
			target = BE40060C22243111003AB233 /* SOARGuide */;
			targetProxy = BE40062D22243114003AB233 /* PBXContainerItemProxy */;
		};
/* End PBXTargetDependency section */

/* Begin PBXVariantGroup section */
		BE40061422243111003AB233 /* Main.storyboard */ = {
			isa = PBXVariantGroup;
			children = (
				BE40061522243111003AB233 /* Base */,
			);
			name = Main.storyboard;
			sourceTree = "<group>";
		};
		BE40061922243114003AB233 /* LaunchScreen.storyboard */ = {
			isa = PBXVariantGroup;
			children = (
				BE40061A22243114003AB233 /* Base */,
			);
			name = LaunchScreen.storyboard;
			sourceTree = "<group>";
		};
/* End PBXVariantGroup section */

/* Begin XCBuildConfiguration section */
		BE40063322243114003AB233 /* Debug */ = {
			isa = XCBuildConfiguration;
			buildSettings = {
				ALWAYS_SEARCH_USER_PATHS = NO;
				CLANG_ANALYZER_NONNULL = YES;
				CLANG_ANALYZER_NUMBER_OBJECT_CONVERSION = YES_AGGRESSIVE;
				CLANG_CXX_LANGUAGE_STANDARD = "gnu++14";
				CLANG_CXX_LIBRARY = "libc++";
				CLANG_ENABLE_MODULES = YES;
				CLANG_ENABLE_OBJC_ARC = YES;
				CLANG_ENABLE_OBJC_WEAK = YES;
				CLANG_WARN_BLOCK_CAPTURE_AUTORELEASING = YES;
				CLANG_WARN_BOOL_CONVERSION = YES;
				CLANG_WARN_COMMA = YES;
				CLANG_WARN_CONSTANT_CONVERSION = YES;
				CLANG_WARN_DEPRECATED_OBJC_IMPLEMENTATIONS = YES;
				CLANG_WARN_DIRECT_OBJC_ISA_USAGE = YES_ERROR;
				CLANG_WARN_DOCUMENTATION_COMMENTS = YES;
				CLANG_WARN_EMPTY_BODY = YES;
				CLANG_WARN_ENUM_CONVERSION = YES;
				CLANG_WARN_INFINITE_RECURSION = YES;
				CLANG_WARN_INT_CONVERSION = YES;
				CLANG_WARN_NON_LITERAL_NULL_CONVERSION = YES;
				CLANG_WARN_OBJC_IMPLICIT_RETAIN_SELF = YES;
				CLANG_WARN_OBJC_LITERAL_CONVERSION = YES;
				CLANG_WARN_OBJC_ROOT_CLASS = YES_ERROR;
				CLANG_WARN_RANGE_LOOP_ANALYSIS = YES;
				CLANG_WARN_STRICT_PROTOTYPES = YES;
				CLANG_WARN_SUSPICIOUS_MOVE = YES;
				CLANG_WARN_UNGUARDED_AVAILABILITY = YES_AGGRESSIVE;
				CLANG_WARN_UNREACHABLE_CODE = YES;
				CLANG_WARN__DUPLICATE_METHOD_MATCH = YES;
				CODE_SIGN_IDENTITY = "iPhone Developer";
				COPY_PHASE_STRIP = NO;
				DEBUG_INFORMATION_FORMAT = dwarf;
				ENABLE_STRICT_OBJC_MSGSEND = YES;
				ENABLE_TESTABILITY = YES;
				GCC_C_LANGUAGE_STANDARD = gnu11;
				GCC_DYNAMIC_NO_PIC = NO;
				GCC_NO_COMMON_BLOCKS = YES;
				GCC_OPTIMIZATION_LEVEL = 0;
				GCC_PREPROCESSOR_DEFINITIONS = (
					"DEBUG=1",
					"$(inherited)",
				);
				GCC_WARN_64_TO_32_BIT_CONVERSION = YES;
				GCC_WARN_ABOUT_RETURN_TYPE = YES_ERROR;
				GCC_WARN_UNDECLARED_SELECTOR = YES;
				GCC_WARN_UNINITIALIZED_AUTOS = YES_AGGRESSIVE;
				GCC_WARN_UNUSED_FUNCTION = YES;
				GCC_WARN_UNUSED_VARIABLE = YES;
				IPHONEOS_DEPLOYMENT_TARGET = 12.0;
				MTL_ENABLE_DEBUG_INFO = INCLUDE_SOURCE;
				MTL_FAST_MATH = YES;
				ONLY_ACTIVE_ARCH = YES;
				SDKROOT = iphoneos;
				SWIFT_ACTIVE_COMPILATION_CONDITIONS = DEBUG;
				SWIFT_OPTIMIZATION_LEVEL = "-Onone";
			};
			name = Debug;
		};
		BE40063422243114003AB233 /* Release */ = {
			isa = XCBuildConfiguration;
			buildSettings = {
				ALWAYS_SEARCH_USER_PATHS = NO;
				CLANG_ANALYZER_NONNULL = YES;
				CLANG_ANALYZER_NUMBER_OBJECT_CONVERSION = YES_AGGRESSIVE;
				CLANG_CXX_LANGUAGE_STANDARD = "gnu++14";
				CLANG_CXX_LIBRARY = "libc++";
				CLANG_ENABLE_MODULES = YES;
				CLANG_ENABLE_OBJC_ARC = YES;
				CLANG_ENABLE_OBJC_WEAK = YES;
				CLANG_WARN_BLOCK_CAPTURE_AUTORELEASING = YES;
				CLANG_WARN_BOOL_CONVERSION = YES;
				CLANG_WARN_COMMA = YES;
				CLANG_WARN_CONSTANT_CONVERSION = YES;
				CLANG_WARN_DEPRECATED_OBJC_IMPLEMENTATIONS = YES;
				CLANG_WARN_DIRECT_OBJC_ISA_USAGE = YES_ERROR;
				CLANG_WARN_DOCUMENTATION_COMMENTS = YES;
				CLANG_WARN_EMPTY_BODY = YES;
				CLANG_WARN_ENUM_CONVERSION = YES;
				CLANG_WARN_INFINITE_RECURSION = YES;
				CLANG_WARN_INT_CONVERSION = YES;
				CLANG_WARN_NON_LITERAL_NULL_CONVERSION = YES;
				CLANG_WARN_OBJC_IMPLICIT_RETAIN_SELF = YES;
				CLANG_WARN_OBJC_LITERAL_CONVERSION = YES;
				CLANG_WARN_OBJC_ROOT_CLASS = YES_ERROR;
				CLANG_WARN_RANGE_LOOP_ANALYSIS = YES;
				CLANG_WARN_STRICT_PROTOTYPES = YES;
				CLANG_WARN_SUSPICIOUS_MOVE = YES;
				CLANG_WARN_UNGUARDED_AVAILABILITY = YES_AGGRESSIVE;
				CLANG_WARN_UNREACHABLE_CODE = YES;
				CLANG_WARN__DUPLICATE_METHOD_MATCH = YES;
				CODE_SIGN_IDENTITY = "iPhone Developer";
				COPY_PHASE_STRIP = NO;
				DEBUG_INFORMATION_FORMAT = "dwarf-with-dsym";
				ENABLE_NS_ASSERTIONS = NO;
				ENABLE_STRICT_OBJC_MSGSEND = YES;
				GCC_C_LANGUAGE_STANDARD = gnu11;
				GCC_NO_COMMON_BLOCKS = YES;
				GCC_WARN_64_TO_32_BIT_CONVERSION = YES;
				GCC_WARN_ABOUT_RETURN_TYPE = YES_ERROR;
				GCC_WARN_UNDECLARED_SELECTOR = YES;
				GCC_WARN_UNINITIALIZED_AUTOS = YES_AGGRESSIVE;
				GCC_WARN_UNUSED_FUNCTION = YES;
				GCC_WARN_UNUSED_VARIABLE = YES;
				IPHONEOS_DEPLOYMENT_TARGET = 12.0;
				MTL_ENABLE_DEBUG_INFO = NO;
				MTL_FAST_MATH = YES;
				SDKROOT = iphoneos;
				SWIFT_COMPILATION_MODE = wholemodule;
				SWIFT_OPTIMIZATION_LEVEL = "-O";
				VALIDATE_PRODUCT = YES;
			};
			name = Release;
		};
		BE40063622243114003AB233 /* Debug */ = {
			isa = XCBuildConfiguration;
			buildSettings = {
				ASSETCATALOG_COMPILER_APPICON_NAME = AppIcon;
				CODE_SIGN_STYLE = Automatic;
				DEVELOPMENT_TEAM = 3CGXTTVKR2;
				INFOPLIST_FILE = SOARGuide/Info.plist;
				IPHONEOS_DEPLOYMENT_TARGET = 12.0;
				LD_RUNPATH_SEARCH_PATHS = (
					"$(inherited)",
					"@executable_path/Frameworks",
				);
				PRODUCT_BUNDLE_IDENTIFIER = com.masterstoney.tgwini.SOARGuide;
				PRODUCT_NAME = "$(TARGET_NAME)";
				SWIFT_VERSION = 4.2;
				TARGETED_DEVICE_FAMILY = "1,2";
			};
			name = Debug;
		};
		BE40063722243114003AB233 /* Release */ = {
			isa = XCBuildConfiguration;
			buildSettings = {
				ASSETCATALOG_COMPILER_APPICON_NAME = AppIcon;
				CODE_SIGN_STYLE = Automatic;
				DEVELOPMENT_TEAM = 3CGXTTVKR2;
				INFOPLIST_FILE = SOARGuide/Info.plist;
				IPHONEOS_DEPLOYMENT_TARGET = 12.0;
				LD_RUNPATH_SEARCH_PATHS = (
					"$(inherited)",
					"@executable_path/Frameworks",
				);
				PRODUCT_BUNDLE_IDENTIFIER = com.masterstoney.tgwini.SOARGuide;
				PRODUCT_NAME = "$(TARGET_NAME)";
				SWIFT_VERSION = 4.2;
				TARGETED_DEVICE_FAMILY = "1,2";
			};
			name = Release;
		};
		BE40063922243114003AB233 /* Debug */ = {
			isa = XCBuildConfiguration;
			buildSettings = {
				ALWAYS_EMBED_SWIFT_STANDARD_LIBRARIES = YES;
				BUNDLE_LOADER = "$(TEST_HOST)";
				CODE_SIGN_STYLE = Automatic;
				DEVELOPMENT_TEAM = 3CGXTTVKR2;
				INFOPLIST_FILE = SOARGuideTests/Info.plist;
				LD_RUNPATH_SEARCH_PATHS = (
					"$(inherited)",
					"@executable_path/Frameworks",
					"@loader_path/Frameworks",
				);
				PRODUCT_BUNDLE_IDENTIFIER = com.masterstoney.tgwini.SOARGuideTests;
				PRODUCT_NAME = "$(TARGET_NAME)";
				SWIFT_VERSION = 4.2;
				TARGETED_DEVICE_FAMILY = "1,2";
				TEST_HOST = "$(BUILT_PRODUCTS_DIR)/SOARGuide.app/SOARGuide";
			};
			name = Debug;
		};
		BE40063A22243114003AB233 /* Release */ = {
			isa = XCBuildConfiguration;
			buildSettings = {
				ALWAYS_EMBED_SWIFT_STANDARD_LIBRARIES = YES;
				BUNDLE_LOADER = "$(TEST_HOST)";
				CODE_SIGN_STYLE = Automatic;
				DEVELOPMENT_TEAM = 3CGXTTVKR2;
				INFOPLIST_FILE = SOARGuideTests/Info.plist;
				LD_RUNPATH_SEARCH_PATHS = (
					"$(inherited)",
					"@executable_path/Frameworks",
					"@loader_path/Frameworks",
				);
				PRODUCT_BUNDLE_IDENTIFIER = com.masterstoney.tgwini.SOARGuideTests;
				PRODUCT_NAME = "$(TARGET_NAME)";
				SWIFT_VERSION = 4.2;
				TARGETED_DEVICE_FAMILY = "1,2";
				TEST_HOST = "$(BUILT_PRODUCTS_DIR)/SOARGuide.app/SOARGuide";
			};
			name = Release;
		};
		BE40063C22243114003AB233 /* Debug */ = {
			isa = XCBuildConfiguration;
			buildSettings = {
				ALWAYS_EMBED_SWIFT_STANDARD_LIBRARIES = YES;
				CODE_SIGN_STYLE = Automatic;
				DEVELOPMENT_TEAM = 3CGXTTVKR2;
				INFOPLIST_FILE = SOARGuideUITests/Info.plist;
				LD_RUNPATH_SEARCH_PATHS = (
					"$(inherited)",
					"@executable_path/Frameworks",
					"@loader_path/Frameworks",
				);
				PRODUCT_BUNDLE_IDENTIFIER = com.masterstoney.tgwini.SOARGuideUITests;
				PRODUCT_NAME = "$(TARGET_NAME)";
				SWIFT_VERSION = 4.2;
				TARGETED_DEVICE_FAMILY = "1,2";
				TEST_TARGET_NAME = SOARGuide;
			};
			name = Debug;
		};
		BE40063D22243114003AB233 /* Release */ = {
			isa = XCBuildConfiguration;
			buildSettings = {
				ALWAYS_EMBED_SWIFT_STANDARD_LIBRARIES = YES;
				CODE_SIGN_STYLE = Automatic;
				DEVELOPMENT_TEAM = 3CGXTTVKR2;
				INFOPLIST_FILE = SOARGuideUITests/Info.plist;
				LD_RUNPATH_SEARCH_PATHS = (
					"$(inherited)",
					"@executable_path/Frameworks",
					"@loader_path/Frameworks",
				);
				PRODUCT_BUNDLE_IDENTIFIER = com.masterstoney.tgwini.SOARGuideUITests;
				PRODUCT_NAME = "$(TARGET_NAME)";
				SWIFT_VERSION = 4.2;
				TARGETED_DEVICE_FAMILY = "1,2";
				TEST_TARGET_NAME = SOARGuide;
			};
			name = Release;
		};
/* End XCBuildConfiguration section */

/* Begin XCConfigurationList section */
		BE40060822243111003AB233 /* Build configuration list for PBXProject "SOARGuide" */ = {
			isa = XCConfigurationList;
			buildConfigurations = (
				BE40063322243114003AB233 /* Debug */,
				BE40063422243114003AB233 /* Release */,
			);
			defaultConfigurationIsVisible = 0;
			defaultConfigurationName = Release;
		};
		BE40063522243114003AB233 /* Build configuration list for PBXNativeTarget "SOARGuide" */ = {
			isa = XCConfigurationList;
			buildConfigurations = (
				BE40063622243114003AB233 /* Debug */,
				BE40063722243114003AB233 /* Release */,
			);
			defaultConfigurationIsVisible = 0;
			defaultConfigurationName = Release;
		};
		BE40063822243114003AB233 /* Build configuration list for PBXNativeTarget "SOARGuideTests" */ = {
			isa = XCConfigurationList;
			buildConfigurations = (
				BE40063922243114003AB233 /* Debug */,
				BE40063A22243114003AB233 /* Release */,
			);
			defaultConfigurationIsVisible = 0;
			defaultConfigurationName = Release;
		};
		BE40063B22243114003AB233 /* Build configuration list for PBXNativeTarget "SOARGuideUITests" */ = {
			isa = XCConfigurationList;
			buildConfigurations = (
				BE40063C22243114003AB233 /* Debug */,
				BE40063D22243114003AB233 /* Release */,
			);
			defaultConfigurationIsVisible = 0;
			defaultConfigurationName = Release;
		};
/* End XCConfigurationList section */
	};
	rootObject = BE40060522243111003AB233 /* Project object */;
}
